
Microsoft Visual Studio Solution File, Format Version 12.00
# Visual Studio Version 17
VisualStudioVersion = 17.0.32014.148
MinimumVisualStudioVersion = 10.0.40219.1
Project("{FAE04EC0-301F-11D3-BF4B-00C04F79EFBC}") = "FluentAvalonia", "src\FluentAvalonia\FluentAvalonia.csproj", "{94B6D07A-8B09-B1AE-B73B-DB409C18788D}"
EndProject
Project("{2150E333-8FDC-42A3-9474-1A3956D46DE8}") = "解决方案项", "解决方案项", "{FCE85972-C601-3E31-0F23-6F886044FA5A}"
	ProjectSection(SolutionItems) = preProject
		Directory.Packages.props = Directory.Packages.props
	EndProjectSection
EndProject
Global
	GlobalSection(SolutionConfigurationPlatforms) = preSolution
		Debug|Any CPU = Debug|Any CPU
		Debug|x64 = Debug|x64
		Debug|x86 = Debug|x86
		Release|Any CPU = Release|Any CPU
		Release|x64 = Release|x64
		Release|x86 = Release|x86
	EndGlobalSection
	GlobalSection(ProjectConfigurationPlatforms) = postSolution
		{94B6D07A-8B09-B1AE-B73B-DB409C18788D}.Debug|Any CPU.ActiveCfg = Debug|Any CPU
		{94B6D07A-8B09-B1AE-B73B-DB409C18788D}.Debug|Any CPU.Build.0 = Debug|Any CPU
		{94B6D07A-8B09-B1AE-B73B-DB409C18788D}.Debug|x64.ActiveCfg = Debug|Any CPU
		{94B6D07A-8B09-B1AE-B73B-DB409C18788D}.Debug|x64.Build.0 = Debug|Any CPU
		{94B6D07A-8B09-B1AE-B73B-DB409C18788D}.Debug|x86.ActiveCfg = Debug|Any CPU
		{94B6D07A-8B09-B1AE-B73B-DB409C18788D}.Debug|x86.Build.0 = Debug|Any CPU
		{94B6D07A-8B09-B1AE-B73B-DB409C18788D}.Release|Any CPU.ActiveCfg = Release|Any CPU
		{94B6D07A-8B09-B1AE-B73B-DB409C18788D}.Release|Any CPU.Build.0 = Release|Any CPU
		{94B6D07A-8B09-B1AE-B73B-DB409C18788D}.Release|x64.ActiveCfg = Release|Any CPU
		{94B6D07A-8B09-B1AE-B73B-DB409C18788D}.Release|x64.Build.0 = Release|Any CPU
		{94B6D07A-8B09-B1AE-B73B-DB409C18788D}.Release|x86.ActiveCfg = Release|Any CPU
		{94B6D07A-8B09-B1AE-B73B-DB409C18788D}.Release|x86.Build.0 = Release|Any CPU
	EndGlobalSection
	GlobalSection(SolutionProperties) = preSolution
		HideSolutionNode = FALSE
	EndGlobalSection
	GlobalSection(ExtensibilityGlobals) = postSolution
		SolutionGuid = {9E358197-10B9-4579-8309-5D9BCB8E7F3E}
	EndGlobalSection
EndGlobal
